// !$*UTF8*$!
{
	archiveVersion = 1;
	classes = {
	};
	objectVersion = 56;
	objects = {

/* Begin PBXBuildFile section */
		FA45F22F2C8874860072DE8E /* SDWebImageSwiftUI in Frameworks */ = {isa = PBXBuildFile; productRef = FA45F22E2C8874860072DE8E /* SDWebImageSwiftUI */; };
		FA45F23E2C8876BC0072DE8E /* Assets.xcassets in Resources */ = {isa = PBXBuildFile; fileRef = FA45F2362C8876BC0072DE8E /* Assets.xcassets */; };
		FA45F23F2C8876BC0072DE8E /* Preview Assets.xcassets in Resources */ = {isa = PBXBuildFile; fileRef = FA45F2382C8876BC0072DE8E /* Preview Assets.xcassets */; };
		FA45F2402C8876BC0072DE8E /* BillionsApp.swift in Sources */ = {isa = PBXBuildFile; fileRef = FA45F2392C8876BC0072DE8E /* BillionsApp.swift */; };
		FA45F2412C8876BC0072DE8E /* ContentView.swift in Sources */ = {isa = PBXBuildFile; fileRef = FA45F23A2C8876BC0072DE8E /* ContentView.swift */; };
		FA45F2422C8876BC0072DE8E /* Production.xcconfig in Resources */ = {isa = PBXBuildFile; fileRef = FA45F23D2C8876BC0072DE8E /* Production.xcconfig */; };
		FA870BDE2C889AFE008BDDCE /* ContentViewModel.swift in Sources */ = {isa = PBXBuildFile; fileRef = FA870BDD2C889AFE008BDDCE /* ContentViewModel.swift */; };
		FAA704C62C88B41300E69699 /* BillionAPI in Frameworks */ = {isa = PBXBuildFile; productRef = FAA704C52C88B41300E69699 /* BillionAPI */; };
		FAA704C92C88CA5A00E69699 /* BillionAPI in Frameworks */ = {isa = PBXBuildFile; productRef = FAA704C82C88CA5A00E69699 /* BillionAPI */; };
/* End PBXBuildFile section */

/* Begin PBXFileReference section */
		FA45F2142C88472E0072DE8E /* Billions.app */ = {isa = PBXFileReference; explicitFileType = wrapper.application; includeInIndex = 0; path = Billions.app; sourceTree = BUILT_PRODUCTS_DIR; };
		FA45F2362C8876BC0072DE8E /* Assets.xcassets */ = {isa = PBXFileReference; lastKnownFileType = folder.assetcatalog; path = Assets.xcassets; sourceTree = "<group>"; };
		FA45F2382C8876BC0072DE8E /* Preview Assets.xcassets */ = {isa = PBXFileReference; lastKnownFileType = folder.assetcatalog; path = "Preview Assets.xcassets"; sourceTree = "<group>"; };
		FA45F2392C8876BC0072DE8E /* BillionsApp.swift */ = {isa = PBXFileReference; fileEncoding = 4; lastKnownFileType = sourcecode.swift; path = BillionsApp.swift; sourceTree = "<group>"; };
		FA45F23A2C8876BC0072DE8E /* ContentView.swift */ = {isa = PBXFileReference; fileEncoding = 4; lastKnownFileType = sourcecode.swift; path = ContentView.swift; sourceTree = "<group>"; };
		FA45F23D2C8876BC0072DE8E /* Production.xcconfig */ = {isa = PBXFileReference; fileEncoding = 4; lastKnownFileType = text.xcconfig; path = Production.xcconfig; sourceTree = "<group>"; };
		FA870BDD2C889AFE008BDDCE /* ContentViewModel.swift */ = {isa = PBXFileReference; lastKnownFileType = sourcecode.swift; path = ContentViewModel.swift; sourceTree = "<group>"; };
/* End PBXFileReference section */

/* Begin PBXFrameworksBuildPhase section */
		FA45F2112C88472E0072DE8E /* Frameworks */ = {
			isa = PBXFrameworksBuildPhase;
			buildActionMask = 2147483647;
			files = (
				FA45F22F2C8874860072DE8E /* SDWebImageSwiftUI in Frameworks */,
				FAA704C62C88B41300E69699 /* BillionAPI in Frameworks */,
				FAA704C92C88CA5A00E69699 /* BillionAPI in Frameworks */,
			);
			runOnlyForDeploymentPostprocessing = 0;
		};
/* End PBXFrameworksBuildPhase section */

/* Begin PBXGroup section */
		FA45F20B2C88472E0072DE8E = {
			isa = PBXGroup;
			children = (
				FA45F2352C8876BC0072DE8E /* Assets */,
				FA45F23B2C8876BC0072DE8E /* Configs */,
				FA45F2432C8877070072DE8E /* Resources */,
				FA45F2442C8877200072DE8E /* Sources */,
				FA45F2152C88472E0072DE8E /* Products */,
				FA870BDF2C88A030008BDDCE /* Frameworks */,
			);
			sourceTree = "<group>";
		};
		FA45F2152C88472E0072DE8E /* Products */ = {
			isa = PBXGroup;
			children = (
				FA45F2142C88472E0072DE8E /* Billions.app */,
			);
			name = Products;
			sourceTree = "<group>";
		};
		FA45F2352C8876BC0072DE8E /* Assets */ = {
			isa = PBXGroup;
			children = (
				FA45F2362C8876BC0072DE8E /* Assets.xcassets */,
				FA45F2372C8876BC0072DE8E /* Preview Content */,
			);
			path = Assets;
			sourceTree = "<group>";
		};
		FA45F2372C8876BC0072DE8E /* Preview Content */ = {
			isa = PBXGroup;
			children = (
				FA45F2382C8876BC0072DE8E /* Preview Assets.xcassets */,
			);
			path = "Preview Content";
			sourceTree = "<group>";
		};
		FA45F23B2C8876BC0072DE8E /* Configs */ = {
			isa = PBXGroup;
			children = (
				FA45F23C2C8876BC0072DE8E /* Prod */,
			);
			path = Configs;
			sourceTree = "<group>";
		};
		FA45F23C2C8876BC0072DE8E /* Prod */ = {
			isa = PBXGroup;
			children = (
				FA45F23D2C8876BC0072DE8E /* Production.xcconfig */,
			);
			path = Prod;
			sourceTree = "<group>";
		};
		FA45F2432C8877070072DE8E /* Resources */ = {
			isa = PBXGroup;
			children = (
			);
			path = Resources;
			sourceTree = "<group>";
		};
		FA45F2442C8877200072DE8E /* Sources */ = {
			isa = PBXGroup;
			children = (
				FA45F2452C8877500072DE8E /* Scenes */,
			);
			path = Sources;
			sourceTree = "<group>";
		};
		FA45F2452C8877500072DE8E /* Scenes */ = {
			isa = PBXGroup;
			children = (
				FA45F2392C8876BC0072DE8E /* BillionsApp.swift */,
				FA45F23A2C8876BC0072DE8E /* ContentView.swift */,
				FA870BDD2C889AFE008BDDCE /* ContentViewModel.swift */,
			);
			path = Scenes;
			sourceTree = "<group>";
		};
		FA870BDF2C88A030008BDDCE /* Frameworks */ = {
			isa = PBXGroup;
			children = (
			);
			name = Frameworks;
			sourceTree = "<group>";
		};
/* End PBXGroup section */

/* Begin PBXNativeTarget section */
		FA45F2132C88472E0072DE8E /* Billions */ = {
			isa = PBXNativeTarget;
			buildConfigurationList = FA45F2222C8847300072DE8E /* Build configuration list for PBXNativeTarget "Billions" */;
			buildPhases = (
				FA45F2102C88472E0072DE8E /* Sources */,
				FA45F2112C88472E0072DE8E /* Frameworks */,
				FA45F2122C88472E0072DE8E /* Resources */,
			);
			buildRules = (
			);
			dependencies = (
			);
			name = Billions;
			packageProductDependencies = (
				FA45F22E2C8874860072DE8E /* SDWebImageSwiftUI */,
				FAA704C52C88B41300E69699 /* BillionAPI */,
				FAA704C82C88CA5A00E69699 /* BillionAPI */,
			);
			productName = Billions;
			productReference = FA45F2142C88472E0072DE8E /* Billions.app */;
			productType = "com.apple.product-type.application";
		};
/* End PBXNativeTarget section */

/* Begin PBXProject section */
		FA45F20C2C88472E0072DE8E /* Project object */ = {
			isa = PBXProject;
			attributes = {
				BuildIndependentTargetsInParallel = 1;
				LastSwiftUpdateCheck = 1510;
				LastUpgradeCheck = 1510;
				TargetAttributes = {
					FA45F2132C88472E0072DE8E = {
						CreatedOnToolsVersion = 15.1;
					};
				};
			};
			buildConfigurationList = FA45F20F2C88472E0072DE8E /* Build configuration list for PBXProject "Billions" */;
			compatibilityVersion = "Xcode 14.0";
			developmentRegion = en;
			hasScannedForEncodings = 0;
			knownRegions = (
				en,
				Base,
			);
			mainGroup = FA45F20B2C88472E0072DE8E;
			packageReferences = (
				FA45F22D2C8874860072DE8E /* XCRemoteSwiftPackageReference "SDWebImageSwiftUI" */,
				FAA704C72C88CA5A00E69699 /* XCRemoteSwiftPackageReference "billions-apis" */,
			);
			productRefGroup = FA45F2152C88472E0072DE8E /* Products */;
			projectDirPath = "";
			projectRoot = "";
			targets = (
				FA45F2132C88472E0072DE8E /* Billions */,
			);
		};
/* End PBXProject section */

/* Begin PBXResourcesBuildPhase section */
		FA45F2122C88472E0072DE8E /* Resources */ = {
			isa = PBXResourcesBuildPhase;
			buildActionMask = 2147483647;
			files = (
				FA45F23F2C8876BC0072DE8E /* Preview Assets.xcassets in Resources */,
				FA45F23E2C8876BC0072DE8E /* Assets.xcassets in Resources */,
				FA45F2422C8876BC0072DE8E /* Production.xcconfig in Resources */,
			);
			runOnlyForDeploymentPostprocessing = 0;
		};
/* End PBXResourcesBuildPhase section */

/* Begin PBXSourcesBuildPhase section */
		FA45F2102C88472E0072DE8E /* Sources */ = {
			isa = PBXSourcesBuildPhase;
			buildActionMask = 2147483647;
			files = (
				FA45F2402C8876BC0072DE8E /* BillionsApp.swift in Sources */,
				FA45F2412C8876BC0072DE8E /* ContentView.swift in Sources */,
				FA870BDE2C889AFE008BDDCE /* ContentViewModel.swift in Sources */,
			);
			runOnlyForDeploymentPostprocessing = 0;
		};
/* End PBXSourcesBuildPhase section */

/* Begin XCBuildConfiguration section */
		FA45F2202C8847300072DE8E /* Debug */ = {
			isa = XCBuildConfiguration;
			buildSettings = {
				ALWAYS_SEARCH_USER_PATHS = NO;
				ASSETCATALOG_COMPILER_GENERATE_SWIFT_ASSET_SYMBOL_EXTENSIONS = YES;
				CLANG_ANALYZER_NONNULL = YES;
				CLANG_ANALYZER_NUMBER_OBJECT_CONVERSION = YES_AGGRESSIVE;
				CLANG_CXX_LANGUAGE_STANDARD = "gnu++20";
				CLANG_ENABLE_MODULES = YES;
				CLANG_ENABLE_OBJC_ARC = YES;
				CLANG_ENABLE_OBJC_WEAK = YES;
				CLANG_WARN_BLOCK_CAPTURE_AUTORELEASING = YES;
				CLANG_WARN_BOOL_CONVERSION = YES;
				CLANG_WARN_COMMA = YES;
				CLANG_WARN_CONSTANT_CONVERSION = YES;
				CLANG_WARN_DEPRECATED_OBJC_IMPLEMENTATIONS = YES;
				CLANG_WARN_DIRECT_OBJC_ISA_USAGE = YES_ERROR;
				CLANG_WARN_DOCUMENTATION_COMMENTS = YES;
				CLANG_WARN_EMPTY_BODY = YES;
				CLANG_WARN_ENUM_CONVERSION = YES;
				CLANG_WARN_INFINITE_RECURSION = YES;
				CLANG_WARN_INT_CONVERSION = YES;
				CLANG_WARN_NON_LITERAL_NULL_CONVERSION = YES;
				CLANG_WARN_OBJC_IMPLICIT_RETAIN_SELF = YES;
				CLANG_WARN_OBJC_LITERAL_CONVERSION = YES;
				CLANG_WARN_OBJC_ROOT_CLASS = YES_ERROR;
				CLANG_WARN_QUOTED_INCLUDE_IN_FRAMEWORK_HEADER = YES;
				CLANG_WARN_RANGE_LOOP_ANALYSIS = YES;
				CLANG_WARN_STRICT_PROTOTYPES = YES;
				CLANG_WARN_SUSPICIOUS_MOVE = YES;
				CLANG_WARN_UNGUARDED_AVAILABILITY = YES_AGGRESSIVE;
				CLANG_WARN_UNREACHABLE_CODE = YES;
				CLANG_WARN__DUPLICATE_METHOD_MATCH = YES;
				COPY_PHASE_STRIP = NO;
				DEBUG_INFORMATION_FORMAT = dwarf;
				ENABLE_STRICT_OBJC_MSGSEND = YES;
				ENABLE_TESTABILITY = YES;
				ENABLE_USER_SCRIPT_SANDBOXING = YES;
				GCC_C_LANGUAGE_STANDARD = gnu17;
				GCC_DYNAMIC_NO_PIC = NO;
				GCC_NO_COMMON_BLOCKS = YES;
				GCC_OPTIMIZATION_LEVEL = 0;
				GCC_PREPROCESSOR_DEFINITIONS = (
					"DEBUG=1",
					"$(inherited)",
				);
				GCC_WARN_64_TO_32_BIT_CONVERSION = YES;
				GCC_WARN_ABOUT_RETURN_TYPE = YES_ERROR;
				GCC_WARN_UNDECLARED_SELECTOR = YES;
				GCC_WARN_UNINITIALIZED_AUTOS = YES_AGGRESSIVE;
				GCC_WARN_UNUSED_FUNCTION = YES;
				GCC_WARN_UNUSED_VARIABLE = YES;
				INFOPLIST_FILE = "";
				IPHONEOS_DEPLOYMENT_TARGET = 17.2;
				LOCALIZATION_PREFERS_STRING_CATALOGS = YES;
				MTL_ENABLE_DEBUG_INFO = INCLUDE_SOURCE;
				MTL_FAST_MATH = YES;
				ONLY_ACTIVE_ARCH = YES;
				PRODUCT_NAME = "";
				SDKROOT = iphoneos;
				SWIFT_ACTIVE_COMPILATION_CONDITIONS = "DEBUG $(inherited)";
				SWIFT_OPTIMIZATION_LEVEL = "-Onone";
			};
			name = Debug;
		};
		FA45F2212C8847300072DE8E /* Release */ = {
			isa = XCBuildConfiguration;
			buildSettings = {
				ALWAYS_SEARCH_USER_PATHS = NO;
				ASSETCATALOG_COMPILER_GENERATE_SWIFT_ASSET_SYMBOL_EXTENSIONS = YES;
				CLANG_ANALYZER_NONNULL = YES;
				CLANG_ANALYZER_NUMBER_OBJECT_CONVERSION = YES_AGGRESSIVE;
				CLANG_CXX_LANGUAGE_STANDARD = "gnu++20";
				CLANG_ENABLE_MODULES = YES;
				CLANG_ENABLE_OBJC_ARC = YES;
				CLANG_ENABLE_OBJC_WEAK = YES;
				CLANG_WARN_BLOCK_CAPTURE_AUTORELEASING = YES;
				CLANG_WARN_BOOL_CONVERSION = YES;
				CLANG_WARN_COMMA = YES;
				CLANG_WARN_CONSTANT_CONVERSION = YES;
				CLANG_WARN_DEPRECATED_OBJC_IMPLEMENTATIONS = YES;
				CLANG_WARN_DIRECT_OBJC_ISA_USAGE = YES_ERROR;
				CLANG_WARN_DOCUMENTATION_COMMENTS = YES;
				CLANG_WARN_EMPTY_BODY = YES;
				CLANG_WARN_ENUM_CONVERSION = YES;
				CLANG_WARN_INFINITE_RECURSION = YES;
				CLANG_WARN_INT_CONVERSION = YES;
				CLANG_WARN_NON_LITERAL_NULL_CONVERSION = YES;
				CLANG_WARN_OBJC_IMPLICIT_RETAIN_SELF = YES;
				CLANG_WARN_OBJC_LITERAL_CONVERSION = YES;
				CLANG_WARN_OBJC_ROOT_CLASS = YES_ERROR;
				CLANG_WARN_QUOTED_INCLUDE_IN_FRAMEWORK_HEADER = YES;
				CLANG_WARN_RANGE_LOOP_ANALYSIS = YES;
				CLANG_WARN_STRICT_PROTOTYPES = YES;
				CLANG_WARN_SUSPICIOUS_MOVE = YES;
				CLANG_WARN_UNGUARDED_AVAILABILITY = YES_AGGRESSIVE;
				CLANG_WARN_UNREACHABLE_CODE = YES;
				CLANG_WARN__DUPLICATE_METHOD_MATCH = YES;
				COPY_PHASE_STRIP = NO;
				DEBUG_INFORMATION_FORMAT = "dwarf-with-dsym";
				ENABLE_NS_ASSERTIONS = NO;
				ENABLE_STRICT_OBJC_MSGSEND = YES;
				ENABLE_USER_SCRIPT_SANDBOXING = YES;
				GCC_C_LANGUAGE_STANDARD = gnu17;
				GCC_NO_COMMON_BLOCKS = YES;
				GCC_WARN_64_TO_32_BIT_CONVERSION = YES;
				GCC_WARN_ABOUT_RETURN_TYPE = YES_ERROR;
				GCC_WARN_UNDECLARED_SELECTOR = YES;
				GCC_WARN_UNINITIALIZED_AUTOS = YES_AGGRESSIVE;
				GCC_WARN_UNUSED_FUNCTION = YES;
				GCC_WARN_UNUSED_VARIABLE = YES;
				INFOPLIST_FILE = "";
				IPHONEOS_DEPLOYMENT_TARGET = 17.2;
				LOCALIZATION_PREFERS_STRING_CATALOGS = YES;
				MTL_ENABLE_DEBUG_INFO = NO;
				MTL_FAST_MATH = YES;
				PRODUCT_NAME = "";
				SDKROOT = iphoneos;
				SWIFT_COMPILATION_MODE = wholemodule;
				VALIDATE_PRODUCT = YES;
			};
			name = Release;
		};
		FA45F2232C8847300072DE8E /* Debug */ = {
			isa = XCBuildConfiguration;
			buildSettings = {
				ASSETCATALOG_COMPILER_APPICON_NAME = AppIcon;
				ASSETCATALOG_COMPILER_GLOBAL_ACCENT_COLOR_NAME = AccentColor;
				CODE_SIGN_STYLE = Automatic;
				CURRENT_PROJECT_VERSION = 2;
				DEVELOPMENT_ASSET_PATHS = "\"Assets/Preview Content\"";
				ENABLE_PREVIEWS = YES;
				GENERATE_INFOPLIST_FILE = YES;
				INFOPLIST_FILE = "";
				INFOPLIST_KEY_CFBundleDisplayName = Billion;
				INFOPLIST_KEY_UIApplicationSupportsIndirectInputEvents = YES;
				INFOPLIST_KEY_UILaunchScreen_Generation = YES;
				INFOPLIST_KEY_UILaunchStoryboardName = LaunchScreen;
				INFOPLIST_KEY_UIRequiredDeviceCapabilities = armv7;
				INFOPLIST_KEY_UISupportedInterfaceOrientations = UIInterfaceOrientationPortrait;
				INFOPLIST_KEY_UISupportedInterfaceOrientations_iPad = "UIInterfaceOrientationLandscapeLeft UIInterfaceOrientationLandscapeRight UIInterfaceOrientationPortrait UIInterfaceOrientationPortraitUpsideDown";
				INFOPLIST_KEY_UIUserInterfaceStyle = Light;
				LD_RUNPATH_SEARCH_PATHS = (
					"$(inherited)",
					"@executable_path/Frameworks",
				);
				MARKETING_VERSION = 2.0;
				PRODUCT_BUNDLE_IDENTIFIER = com.starzplay.billions.Billions;
				PRODUCT_NAME = "$(TARGET_NAME)";
				SUPPORTED_PLATFORMS = "iphoneos iphonesimulator";
				SUPPORTS_MACCATALYST = NO;
				SUPPORTS_MAC_DESIGNED_FOR_IPHONE_IPAD = NO;
				SWIFT_EMIT_LOC_STRINGS = YES;
				SWIFT_VERSION = 5.0;
				TARGETED_DEVICE_FAMILY = 1;
			};
			name = Debug;
		};
		FA45F2242C8847300072DE8E /* Release */ = {
			isa = XCBuildConfiguration;
			buildSettings = {
				ASSETCATALOG_COMPILER_APPICON_NAME = AppIcon;
				ASSETCATALOG_COMPILER_GLOBAL_ACCENT_COLOR_NAME = AccentColor;
				CODE_SIGN_STYLE = Automatic;
				CURRENT_PROJECT_VERSION = 2;
				DEVELOPMENT_ASSET_PATHS = "\"Assets/Preview Content\"";
				ENABLE_PREVIEWS = YES;
				GENERATE_INFOPLIST_FILE = YES;
				INFOPLIST_FILE = "";
				INFOPLIST_KEY_CFBundleDisplayName = Billion;
				INFOPLIST_KEY_UIApplicationSupportsIndirectInputEvents = YES;
				INFOPLIST_KEY_UILaunchScreen_Generation = YES;
				INFOPLIST_KEY_UILaunchStoryboardName = LaunchScreen;
				INFOPLIST_KEY_UIRequiredDeviceCapabilities = armv7;
				INFOPLIST_KEY_UISupportedInterfaceOrientations = UIInterfaceOrientationPortrait;
				INFOPLIST_KEY_UISupportedInterfaceOrientations_iPad = "UIInterfaceOrientationLandscapeLeft UIInterfaceOrientationLandscapeRight UIInterfaceOrientationPortrait UIInterfaceOrientationPortraitUpsideDown";
				INFOPLIST_KEY_UIUserInterfaceStyle = Light;
				LD_RUNPATH_SEARCH_PATHS = (
					"$(inherited)",
					"@executable_path/Frameworks",
				);
				MARKETING_VERSION = 2.0;
				PRODUCT_BUNDLE_IDENTIFIER = com.starzplay.billions.Billions;
				PRODUCT_NAME = "$(TARGET_NAME)";
				SUPPORTED_PLATFORMS = "iphoneos iphonesimulator";
				SUPPORTS_MACCATALYST = NO;
				SUPPORTS_MAC_DESIGNED_FOR_IPHONE_IPAD = NO;
				SWIFT_EMIT_LOC_STRINGS = YES;
				SWIFT_VERSION = 5.0;
				TARGETED_DEVICE_FAMILY = 1;
			};
			name = Release;
		};
/* End XCBuildConfiguration section */

/* Begin XCConfigurationList section */
		FA45F20F2C88472E0072DE8E /* Build configuration list for PBXProject "Billions" */ = {
			isa = XCConfigurationList;
			buildConfigurations = (
				FA45F2202C8847300072DE8E /* Debug */,
				FA45F2212C8847300072DE8E /* Release */,
			);
			defaultConfigurationIsVisible = 0;
			defaultConfigurationName = Release;
		};
		FA45F2222C8847300072DE8E /* Build configuration list for PBXNativeTarget "Billions" */ = {
			isa = XCConfigurationList;
			buildConfigurations = (
				FA45F2232C8847300072DE8E /* Debug */,
				FA45F2242C8847300072DE8E /* Release */,
			);
			defaultConfigurationIsVisible = 0;
			defaultConfigurationName = Release;
		};
/* End XCConfigurationList section */

/* Begin XCRemoteSwiftPackageReference section */
		FA45F22D2C8874860072DE8E /* XCRemoteSwiftPackageReference "SDWebImageSwiftUI" */ = {
			isa = XCRemoteSwiftPackageReference;
			repositoryURL = "https://github.com/SDWebImage/SDWebImageSwiftUI";
			requirement = {
				kind = upToNextMajorVersion;
				minimumVersion = 3.1.2;
			};
		};
		FAA704C72C88CA5A00E69699 /* XCRemoteSwiftPackageReference "billions-apis" */ = {
			isa = XCRemoteSwiftPackageReference;
			repositoryURL = "https://github.com/mrnuuman/billions-apis";
			requirement = {
				branch = main;
				kind = branch;
			};
		};
/* End XCRemoteSwiftPackageReference section */

/* Begin XCSwiftPackageProductDependency section */
		FA45F22E2C8874860072DE8E /* SDWebImageSwiftUI */ = {
			isa = XCSwiftPackageProductDependency;
			package = FA45F22D2C8874860072DE8E /* XCRemoteSwiftPackageReference "SDWebImageSwiftUI" */;
			productName = SDWebImageSwiftUI;
		};
		FAA704C52C88B41300E69699 /* BillionAPI */ = {
			isa = XCSwiftPackageProductDependency;
			productName = BillionAPI;
		};
		FAA704C82C88CA5A00E69699 /* BillionAPI */ = {
			isa = XCSwiftPackageProductDependency;
			package = FAA704C72C88CA5A00E69699 /* XCRemoteSwiftPackageReference "billions-apis" */;
			productName = BillionAPI;
		};
/* End XCSwiftPackageProductDependency section */
	};
	rootObject = FA45F20C2C88472E0072DE8E /* Project object */;
}
